
Microsoft Visual Studio Solution File, Format Version 12.00
# Visual Studio Version 17
VisualStudioVersion = 17.5.002.0
MinimumVisualStudioVersion = 10.0.40219.1
Project("{9A19103F-16F7-4668-BE54-9A1E7A4F7556}") = "OOP_B6", "OOP_B6.csproj", "{F6E9784F-BABD-4251-81A7-C387D9EB07E7}"
EndProject
Global
	GlobalSection(SolutionConfigurationPlatforms) = preSolution
		Debug|Any CPU = Debug|Any CPU
		Release|Any CPU = Release|Any CPU
	EndGlobalSection
	GlobalSection(ProjectConfigurationPlatforms) = postSolution
		{F6E9784F-BABD-4251-81A7-C387D9EB07E7}.Debug|Any CPU.ActiveCfg = Debug|Any CPU
		{F6E9784F-BABD-4251-81A7-C387D9EB07E7}.Debug|Any CPU.Build.0 = Debug|Any CPU
		{F6E9784F-BABD-4251-81A7-C387D9EB07E7}.Release|Any CPU.ActiveCfg = Release|Any CPU
		{F6E9784F-BABD-4251-81A7-C387D9EB07E7}.Release|Any CPU.Build.0 = Release|Any CPU
	EndGlobalSection
	GlobalSection(SolutionProperties) = preSolution
		HideSolutionNode = FALSE
	EndGlobalSection
	GlobalSection(ExtensibilityGlobals) = postSolution
		SolutionGuid = {2EC63043-28B7-4E88-BC2F-43AB6B43F3D6}
	EndGlobalSection
EndGlobal
